
Microsoft Visual Studio Solution File, Format Version 12.00
# Visual Studio 15
VisualStudioVersion = 15.0.26124.0
MinimumVisualStudioVersion = 15.0.26124.0
Project("{FAE04EC0-301F-11D3-BF4B-00C04F79EFBC}") = "Stock.Api", "Stock.Api\Stock.Api.csproj", "{D3670019-21A2-4752-86EF-D854822EC0F6}"
EndProject
Project("{FAE04EC0-301F-11D3-BF4B-00C04F79EFBC}") = "Stock.Data", "Stock.Data\Stock.Data.csproj", "{1472C1B7-5674-4BC9-8460-3526EB0119EA}"
EndProject
Project("{FAE04EC0-301F-11D3-BF4B-00C04F79EFBC}") = "Stock.Domain", "Stock.Domain\Stock.Domain.csproj", "{D2360B33-F5EB-49CA-A489-D417FE01153F}"
EndProject
Project("{FAE04EC0-301F-11D3-BF4B-00C04F79EFBC}") = "Stock.Services", "Stock.Services\Stock.Services.csproj", "{A7388B82-5CF3-44AB-989E-48D501947E10}"
EndProject
Project("{FAE04EC0-301F-11D3-BF4B-00C04F79EFBC}") = "Stock.Infrastructure", "Stock.Infrastructure\Stock.Infrastructure.csproj", "{1CCEFCF5-1165-4E06-9598-B51EFEDEB16E}"
EndProject
Global
	GlobalSection(SolutionConfigurationPlatforms) = preSolution
		Debug|Any CPU = Debug|Any CPU
		Debug|x64 = Debug|x64
		Debug|x86 = Debug|x86
		Release|Any CPU = Release|Any CPU
		Release|x64 = Release|x64
		Release|x86 = Release|x86
	EndGlobalSection
	GlobalSection(SolutionProperties) = preSolution
		HideSolutionNode = FALSE
	EndGlobalSection
	GlobalSection(ProjectConfigurationPlatforms) = postSolution
		{D3670019-21A2-4752-86EF-D854822EC0F6}.Debug|Any CPU.ActiveCfg = Debug|Any CPU
		{D3670019-21A2-4752-86EF-D854822EC0F6}.Debug|Any CPU.Build.0 = Debug|Any CPU
		{D3670019-21A2-4752-86EF-D854822EC0F6}.Debug|x64.ActiveCfg = Debug|Any CPU
		{D3670019-21A2-4752-86EF-D854822EC0F6}.Debug|x64.Build.0 = Debug|Any CPU
		{D3670019-21A2-4752-86EF-D854822EC0F6}.Debug|x86.ActiveCfg = Debug|Any CPU
		{D3670019-21A2-4752-86EF-D854822EC0F6}.Debug|x86.Build.0 = Debug|Any CPU
		{D3670019-21A2-4752-86EF-D854822EC0F6}.Release|Any CPU.ActiveCfg = Release|Any CPU
		{D3670019-21A2-4752-86EF-D854822EC0F6}.Release|Any CPU.Build.0 = Release|Any CPU
		{D3670019-21A2-4752-86EF-D854822EC0F6}.Release|x64.ActiveCfg = Release|Any CPU
		{D3670019-21A2-4752-86EF-D854822EC0F6}.Release|x64.Build.0 = Release|Any CPU
		{D3670019-21A2-4752-86EF-D854822EC0F6}.Release|x86.ActiveCfg = Release|Any CPU
		{D3670019-21A2-4752-86EF-D854822EC0F6}.Release|x86.Build.0 = Release|Any CPU
		{1472C1B7-5674-4BC9-8460-3526EB0119EA}.Debug|Any CPU.ActiveCfg = Debug|Any CPU
		{1472C1B7-5674-4BC9-8460-3526EB0119EA}.Debug|Any CPU.Build.0 = Debug|Any CPU
		{1472C1B7-5674-4BC9-8460-3526EB0119EA}.Debug|x64.ActiveCfg = Debug|Any CPU
		{1472C1B7-5674-4BC9-8460-3526EB0119EA}.Debug|x64.Build.0 = Debug|Any CPU
		{1472C1B7-5674-4BC9-8460-3526EB0119EA}.Debug|x86.ActiveCfg = Debug|Any CPU
		{1472C1B7-5674-4BC9-8460-3526EB0119EA}.Debug|x86.Build.0 = Debug|Any CPU
		{1472C1B7-5674-4BC9-8460-3526EB0119EA}.Release|Any CPU.ActiveCfg = Release|Any CPU
		{1472C1B7-5674-4BC9-8460-3526EB0119EA}.Release|Any CPU.Build.0 = Release|Any CPU
		{1472C1B7-5674-4BC9-8460-3526EB0119EA}.Release|x64.ActiveCfg = Release|Any CPU
		{1472C1B7-5674-4BC9-8460-3526EB0119EA}.Release|x64.Build.0 = Release|Any CPU
		{1472C1B7-5674-4BC9-8460-3526EB0119EA}.Release|x86.ActiveCfg = Release|Any CPU
		{1472C1B7-5674-4BC9-8460-3526EB0119EA}.Release|x86.Build.0 = Release|Any CPU
		{D2360B33-F5EB-49CA-A489-D417FE01153F}.Debug|Any CPU.ActiveCfg = Debug|Any CPU
		{D2360B33-F5EB-49CA-A489-D417FE01153F}.Debug|Any CPU.Build.0 = Debug|Any CPU
		{D2360B33-F5EB-49CA-A489-D417FE01153F}.Debug|x64.ActiveCfg = Debug|Any CPU
		{D2360B33-F5EB-49CA-A489-D417FE01153F}.Debug|x64.Build.0 = Debug|Any CPU
		{D2360B33-F5EB-49CA-A489-D417FE01153F}.Debug|x86.ActiveCfg = Debug|Any CPU
		{D2360B33-F5EB-49CA-A489-D417FE01153F}.Debug|x86.Build.0 = Debug|Any CPU
		{D2360B33-F5EB-49CA-A489-D417FE01153F}.Release|Any CPU.ActiveCfg = Release|Any CPU
		{D2360B33-F5EB-49CA-A489-D417FE01153F}.Release|Any CPU.Build.0 = Release|Any CPU
		{D2360B33-F5EB-49CA-A489-D417FE01153F}.Release|x64.ActiveCfg = Release|Any CPU
		{D2360B33-F5EB-49CA-A489-D417FE01153F}.Release|x64.Build.0 = Release|Any CPU
		{D2360B33-F5EB-49CA-A489-D417FE01153F}.Release|x86.ActiveCfg = Release|Any CPU
		{D2360B33-F5EB-49CA-A489-D417FE01153F}.Release|x86.Build.0 = Release|Any CPU
		{A7388B82-5CF3-44AB-989E-48D501947E10}.Debug|Any CPU.ActiveCfg = Debug|Any CPU
		{A7388B82-5CF3-44AB-989E-48D501947E10}.Debug|Any CPU.Build.0 = Debug|Any CPU
		{A7388B82-5CF3-44AB-989E-48D501947E10}.Debug|x64.ActiveCfg = Debug|Any CPU
		{A7388B82-5CF3-44AB-989E-48D501947E10}.Debug|x64.Build.0 = Debug|Any CPU
		{A7388B82-5CF3-44AB-989E-48D501947E10}.Debug|x86.ActiveCfg = Debug|Any CPU
		{A7388B82-5CF3-44AB-989E-48D501947E10}.Debug|x86.Build.0 = Debug|Any CPU
		{A7388B82-5CF3-44AB-989E-48D501947E10}.Release|Any CPU.ActiveCfg = Release|Any CPU
		{A7388B82-5CF3-44AB-989E-48D501947E10}.Release|Any CPU.Build.0 = Release|Any CPU
		{A7388B82-5CF3-44AB-989E-48D501947E10}.Release|x64.ActiveCfg = Release|Any CPU
		{A7388B82-5CF3-44AB-989E-48D501947E10}.Release|x64.Build.0 = Release|Any CPU
		{A7388B82-5CF3-44AB-989E-48D501947E10}.Release|x86.ActiveCfg = Release|Any CPU
		{A7388B82-5CF3-44AB-989E-48D501947E10}.Release|x86.Build.0 = Release|Any CPU
		{1CCEFCF5-1165-4E06-9598-B51EFEDEB16E}.Debug|Any CPU.ActiveCfg = Debug|Any CPU
		{1CCEFCF5-1165-4E06-9598-B51EFEDEB16E}.Debug|Any CPU.Build.0 = Debug|Any CPU
		{1CCEFCF5-1165-4E06-9598-B51EFEDEB16E}.Debug|x64.ActiveCfg = Debug|Any CPU
		{1CCEFCF5-1165-4E06-9598-B51EFEDEB16E}.Debug|x64.Build.0 = Debug|Any CPU
		{1CCEFCF5-1165-4E06-9598-B51EFEDEB16E}.Debug|x86.ActiveCfg = Debug|Any CPU
		{1CCEFCF5-1165-4E06-9598-B51EFEDEB16E}.Debug|x86.Build.0 = Debug|Any CPU
		{1CCEFCF5-1165-4E06-9598-B51EFEDEB16E}.Release|Any CPU.ActiveCfg = Release|Any CPU
		{1CCEFCF5-1165-4E06-9598-B51EFEDEB16E}.Release|Any CPU.Build.0 = Release|Any CPU
		{1CCEFCF5-1165-4E06-9598-B51EFEDEB16E}.Release|x64.ActiveCfg = Release|Any CPU
		{1CCEFCF5-1165-4E06-9598-B51EFEDEB16E}.Release|x64.Build.0 = Release|Any CPU
		{1CCEFCF5-1165-4E06-9598-B51EFEDEB16E}.Release|x86.ActiveCfg = Release|Any CPU
		{1CCEFCF5-1165-4E06-9598-B51EFEDEB16E}.Release|x86.Build.0 = Release|Any CPU
	EndGlobalSection
EndGlobal
